# This file is automatically @generated by Cargo.
# It is not intended for manual editing.
version = 4

[[package]]
name = "crosvm"
version = "0.1.0"

[[package]]
name = "elf"
version = "0.8.0"

[[package]]
name = "kv-conf"
version = "0.1.0"

[[package]]
name = "rapido"
version = "0.1.0"
dependencies = [
 "crosvm",
 "elf",
 "kv-conf",
]
